
Microsoft Visual Studio Solution File, Format Version 12.00
# Visual Studio Version 17
VisualStudioVersion = 17.0.31919.166
MinimumVisualStudioVersion = 10.0.40219.1
Project("{FAE04EC0-301F-11D3-BF4B-00C04F79EFBC}") = "WindowsMovieAndTV", "WindowsMovieAndTV\WindowsMovieAndTV.csproj", "{999E8A98-46D0-4146-A0AA-41BA8C960296}"
EndProject
Global
	GlobalSection(SolutionConfigurationPlatforms) = preSolution
		Debug|Any CPU = Debug|Any CPU
		Release|Any CPU = Release|Any CPU
	EndGlobalSection
	GlobalSection(ProjectConfigurationPlatforms) = postSolution
		{999E8A98-46D0-4146-A0AA-41BA8C960296}.Debug|Any CPU.ActiveCfg = Debug|Any CPU
		{999E8A98-46D0-4146-A0AA-41BA8C960296}.Debug|Any CPU.Build.0 = Debug|Any CPU
		{999E8A98-46D0-4146-A0AA-41BA8C960296}.Release|Any CPU.ActiveCfg = Release|Any CPU
		{999E8A98-46D0-4146-A0AA-41BA8C960296}.Release|Any CPU.Build.0 = Release|Any CPU
	EndGlobalSection
	GlobalSection(SolutionProperties) = preSolution
		HideSolutionNode = FALSE
	EndGlobalSection
	GlobalSection(ExtensibilityGlobals) = postSolution
		SolutionGuid = {DC7F171D-8A98-4CE4-9CA3-577EF33B23D4}
	EndGlobalSection
EndGlobal
